
Microsoft Visual Studio Solution File, Format Version 12.00
# Visual Studio Version 17
VisualStudioVersion = 17.5.002.0
MinimumVisualStudioVersion = 10.0.40219.1
Project("{9A19103F-16F7-4668-BE54-9A1E7A4F7556}") = "TASK1", "TASK1.csproj", "{E2F620CA-A5F1-4DE2-AD78-F0F6BB43819D}"
EndProject
Global
	GlobalSection(SolutionConfigurationPlatforms) = preSolution
		Debug|Any CPU = Debug|Any CPU
		Release|Any CPU = Release|Any CPU
	EndGlobalSection
	GlobalSection(ProjectConfigurationPlatforms) = postSolution
		{E2F620CA-A5F1-4DE2-AD78-F0F6BB43819D}.Debug|Any CPU.ActiveCfg = Debug|Any CPU
		{E2F620CA-A5F1-4DE2-AD78-F0F6BB43819D}.Debug|Any CPU.Build.0 = Debug|Any CPU
		{E2F620CA-A5F1-4DE2-AD78-F0F6BB43819D}.Release|Any CPU.ActiveCfg = Release|Any CPU
		{E2F620CA-A5F1-4DE2-AD78-F0F6BB43819D}.Release|Any CPU.Build.0 = Release|Any CPU
	EndGlobalSection
	GlobalSection(SolutionProperties) = preSolution
		HideSolutionNode = FALSE
	EndGlobalSection
	GlobalSection(ExtensibilityGlobals) = postSolution
		SolutionGuid = {B5B63202-DB49-4C80-A51A-BB9DDD871FC3}
	EndGlobalSection
EndGlobal
